
Microsoft Visual Studio Solution File, Format Version 12.00
# Visual Studio Version 17
VisualStudioVersion = 17.2.32519.379
MinimumVisualStudioVersion = 10.0.40219.1
Project("{FAE04EC0-301F-11D3-BF4B-00C04F79EFBC}") = "BlazorReporting", "BlazorReporting\BlazorReporting.csproj", "{D6FADEFF-3D26-4E8E-AEC7-E6E93A854268}"
EndProject
Global
	GlobalSection(SolutionConfigurationPlatforms) = preSolution
		Debug|Any CPU = Debug|Any CPU
		Release|Any CPU = Release|Any CPU
	EndGlobalSection
	GlobalSection(ProjectConfigurationPlatforms) = postSolution
		{D6FADEFF-3D26-4E8E-AEC7-E6E93A854268}.Debug|Any CPU.ActiveCfg = Debug|Any CPU
		{D6FADEFF-3D26-4E8E-AEC7-E6E93A854268}.Debug|Any CPU.Build.0 = Debug|Any CPU
		{D6FADEFF-3D26-4E8E-AEC7-E6E93A854268}.Release|Any CPU.ActiveCfg = Release|Any CPU
		{D6FADEFF-3D26-4E8E-AEC7-E6E93A854268}.Release|Any CPU.Build.0 = Release|Any CPU
	EndGlobalSection
	GlobalSection(SolutionProperties) = preSolution
		HideSolutionNode = FALSE
	EndGlobalSection
	GlobalSection(ExtensibilityGlobals) = postSolution
		SolutionGuid = {2AF06E8C-7BA6-4155-82C8-7B7E08004DCA}
	EndGlobalSection
EndGlobal
